
Microsoft Visual Studio Solution File, Format Version 12.00
# Visual Studio 15
Project("{FAE04EC0-301F-11D3-BF4B-00C04F79EFBC}") = "CreditCardUISample.Android", "CreditCardUISample.Android\CreditCardUISample.Android.csproj", "{5F249CE4-34FD-4631-AF72-EABD9214F71A}"
EndProject
Project("{FAE04EC0-301F-11D3-BF4B-00C04F79EFBC}") = "CreditCardUISample.iOS", "CreditCardUISample.iOS\CreditCardUISample.iOS.csproj", "{5B3B40EF-1C9D-4A6B-A1A9-BB80947D7487}"
EndProject
Project("{FAE04EC0-301F-11D3-BF4B-00C04F79EFBC}") = "CreditCardUISample", "CreditCardUISample\CreditCardUISample.csproj", "{D51D3484-E924-4413-8D66-A8D4AD44B5D5}"
EndProject
Global
	GlobalSection(SolutionConfigurationPlatforms) = preSolution
		Debug|Any CPU = Debug|Any CPU
		Release|Any CPU = Release|Any CPU
		Debug|iPhoneSimulator = Debug|iPhoneSimulator
		Release|iPhoneSimulator = Release|iPhoneSimulator
		Debug|iPhone = Debug|iPhone
		Release|iPhone = Release|iPhone
	EndGlobalSection
	GlobalSection(ProjectConfigurationPlatforms) = postSolution
		{5F249CE4-34FD-4631-AF72-EABD9214F71A}.Debug|Any CPU.ActiveCfg = Debug|Any CPU
		{5F249CE4-34FD-4631-AF72-EABD9214F71A}.Debug|Any CPU.Build.0 = Debug|Any CPU
		{5F249CE4-34FD-4631-AF72-EABD9214F71A}.Release|Any CPU.ActiveCfg = Release|Any CPU
		{5F249CE4-34FD-4631-AF72-EABD9214F71A}.Release|Any CPU.Build.0 = Release|Any CPU
		{5F249CE4-34FD-4631-AF72-EABD9214F71A}.Debug|iPhoneSimulator.ActiveCfg = Debug|Any CPU
		{5F249CE4-34FD-4631-AF72-EABD9214F71A}.Debug|iPhoneSimulator.Build.0 = Debug|Any CPU
		{5F249CE4-34FD-4631-AF72-EABD9214F71A}.Release|iPhoneSimulator.ActiveCfg = Release|Any CPU
		{5F249CE4-34FD-4631-AF72-EABD9214F71A}.Release|iPhoneSimulator.Build.0 = Release|Any CPU
		{5F249CE4-34FD-4631-AF72-EABD9214F71A}.Debug|iPhone.ActiveCfg = Debug|Any CPU
		{5F249CE4-34FD-4631-AF72-EABD9214F71A}.Debug|iPhone.Build.0 = Debug|Any CPU
		{5F249CE4-34FD-4631-AF72-EABD9214F71A}.Release|iPhone.ActiveCfg = Release|Any CPU
		{5F249CE4-34FD-4631-AF72-EABD9214F71A}.Release|iPhone.Build.0 = Release|Any CPU
		{5B3B40EF-1C9D-4A6B-A1A9-BB80947D7487}.Debug|Any CPU.ActiveCfg = Debug|iPhoneSimulator
		{5B3B40EF-1C9D-4A6B-A1A9-BB80947D7487}.Debug|Any CPU.Build.0 = Debug|iPhoneSimulator
		{5B3B40EF-1C9D-4A6B-A1A9-BB80947D7487}.Release|Any CPU.ActiveCfg = Release|iPhoneSimulator
		{5B3B40EF-1C9D-4A6B-A1A9-BB80947D7487}.Release|Any CPU.Build.0 = Release|iPhoneSimulator
		{5B3B40EF-1C9D-4A6B-A1A9-BB80947D7487}.Debug|iPhoneSimulator.ActiveCfg = Debug|iPhoneSimulator
		{5B3B40EF-1C9D-4A6B-A1A9-BB80947D7487}.Debug|iPhoneSimulator.Build.0 = Debug|iPhoneSimulator
		{5B3B40EF-1C9D-4A6B-A1A9-BB80947D7487}.Release|iPhoneSimulator.ActiveCfg = Release|iPhoneSimulator
		{5B3B40EF-1C9D-4A6B-A1A9-BB80947D7487}.Release|iPhoneSimulator.Build.0 = Release|iPhoneSimulator
		{5B3B40EF-1C9D-4A6B-A1A9-BB80947D7487}.Debug|iPhone.ActiveCfg = Debug|iPhone
		{5B3B40EF-1C9D-4A6B-A1A9-BB80947D7487}.Debug|iPhone.Build.0 = Debug|iPhone
		{5B3B40EF-1C9D-4A6B-A1A9-BB80947D7487}.Release|iPhone.ActiveCfg = Release|iPhone
		{5B3B40EF-1C9D-4A6B-A1A9-BB80947D7487}.Release|iPhone.Build.0 = Release|iPhone
		{D51D3484-E924-4413-8D66-A8D4AD44B5D5}.Debug|Any CPU.ActiveCfg = Debug|Any CPU
		{D51D3484-E924-4413-8D66-A8D4AD44B5D5}.Debug|Any CPU.Build.0 = Debug|Any CPU
		{D51D3484-E924-4413-8D66-A8D4AD44B5D5}.Release|Any CPU.ActiveCfg = Release|Any CPU
		{D51D3484-E924-4413-8D66-A8D4AD44B5D5}.Release|Any CPU.Build.0 = Release|Any CPU
		{D51D3484-E924-4413-8D66-A8D4AD44B5D5}.Debug|iPhoneSimulator.ActiveCfg = Debug|Any CPU
		{D51D3484-E924-4413-8D66-A8D4AD44B5D5}.Debug|iPhoneSimulator.Build.0 = Debug|Any CPU
		{D51D3484-E924-4413-8D66-A8D4AD44B5D5}.Release|iPhoneSimulator.ActiveCfg = Release|Any CPU
		{D51D3484-E924-4413-8D66-A8D4AD44B5D5}.Release|iPhoneSimulator.Build.0 = Release|Any CPU
		{D51D3484-E924-4413-8D66-A8D4AD44B5D5}.Debug|iPhone.ActiveCfg = Debug|Any CPU
		{D51D3484-E924-4413-8D66-A8D4AD44B5D5}.Debug|iPhone.Build.0 = Debug|Any CPU
		{D51D3484-E924-4413-8D66-A8D4AD44B5D5}.Release|iPhone.ActiveCfg = Release|Any CPU
		{D51D3484-E924-4413-8D66-A8D4AD44B5D5}.Release|iPhone.Build.0 = Release|Any CPU
	EndGlobalSection
EndGlobal
